<?xml version="1.0" encoding="UTF-8" standalone="yes" ?>
<CodeBlocks_project_file>
	<FileVersion major="1" minor="6" />
	<Project>
		<Option title="paraver-kernel" />
		<Option pch_mode="2" />
		<Option default_target="paramedir" />
		<Option compiler="gcc" />
		<Option virtualFolders="paraver-kernel/src/;" />
		<Build>
			<Target title="Debug">
				<Option output="libparaver-kernel" prefix_auto="0" extension_auto="1" />
				<Option object_output="obj/Debug/" />
				<Option type="3" />
				<Option compiler="gcc" />
				<Option host_application="/home/eloy/tools/wxparaver/GCCDebug/wxparaver" />
				<Option run_host_application_in_terminal="0" />
				<Option createDefFile="1" />
				<Compiler>
					<Add option="-Wall" />
					<Add option="-g" />
					<Add option="-fPIC" />
				</Compiler>
			</Target>
			<Target title="Release">
				<Option output="libparaver-kernel" prefix_auto="0" extension_auto="1" />
				<Option object_output="obj/Release/" />
				<Option type="3" />
				<Option compiler="gcc" />
				<Option createDefFile="1" />
				<Compiler>
					<Add option="-O2" />
					<Add option="-fPIC" />
				</Compiler>
				<Linker>
					<Add option="-s" />
				</Linker>
			</Target>
			<Target title="Application test">
				<Option output="paraver-kernel" prefix_auto="1" extension_auto="1" />
				<Option working_dir="../paraver-kernel" />
				<Option object_output="obj/test/" />
				<Option external_deps="libparaver-kernel.a;" />
				<Option type="1" />
				<Option compiler="gcc" />
				<Option host_application="paraver-kernel" />
				<Option run_host_application_in_terminal="0" />
				<Compiler>
					<Add option="-g" />
					<Add directory="../include" />
					<Add directory="../common-files" />
				</Compiler>
				<Linker>
					<Add library="libparaver-kernel.a" />
					<Add directory="./" />
				</Linker>
			</Target>
			<Target title="api">
				<Option output="libparaver-api" prefix_auto="0" extension_auto="1" />
				<Option type="3" />
				<Option compiler="gcc" />
				<Option createDefFile="1" />
				<Option projectLinkerOptionsRelation="1" />
				<Option projectLibDirsRelation="1" />
				<Compiler>
					<Add option="-g" />
					<Add option="-fPIC" />
					<Add directory="include" />
					<Add directory="../common-files" />
				</Compiler>
				<Linker>
					<Add library="boost_serialization" />
					<Add directory="./" />
				</Linker>
			</Target>
			<Target title="paramedir">
				<Option output="paramedir" prefix_auto="0" extension_auto="1" />
				<Option external_deps="libparaver-kernel.a;libcfg.a;libapi.a;" />
				<Option type="1" />
				<Option compiler="gcc" />
				<Option host_application="wxparaver.app" />
				<Option run_host_application_in_terminal="0" />
				<Compiler>
					<Add option="-g" />
					<Add directory="include" />
				</Compiler>
				<Linker>
					<Add library="libparaver-api.a" />
					<Add library="libparaver-kernel.a" />
					<Add library="libz.a" />
					<Add directory="./" />
				</Linker>
			</Target>
			<Target title="testspeed">
				<Option output="testspeed/testspeed" prefix_auto="1" extension_auto="1" />
				<Option type="1" />
				<Option compiler="gcc" />
				<Option use_console_runner="0" />
				<Compiler>
					<Add directory="../include" />
				</Compiler>
				<Linker>
					<Add library="libparaver-kernel" />
					<Add library="libparaver-api" />
					<Add library="libz" />
					<Add directory="./" />
				</Linker>
			</Target>
			<Target title="otf2prv">
				<Option output="bin/otf2prv/paraver-kernel" prefix_auto="1" extension_auto="1" />
				<Option type="1" />
				<Option compiler="gcc" />
				<Compiler>
					<Add option="-g" />
					<Add directory="include" />
					<Add directory="../common-files" />
					<Add directory="../otf2/include" />
				</Compiler>
				<Linker>
					<Add library="libotf2" />
					<Add library="libscorep_utilities" />
					<Add directory="../otf2/lib" />
					<Add directory="./" />
				</Linker>
			</Target>
			<Target title="ptools_common_files">
				<Option output="ptools" prefix_auto="1" extension_auto="1" />
				<Option type="3" />
				<Option compiler="gcc" />
				<Option createDefFile="1" />
				<Option createStaticLib="1" />
			</Target>
		</Build>
		<VirtualTargets>
			<Add alias="paramedir_all_build" targets="Debug;api;paramedir;" />
			<Add alias="test" targets="Debug;" />
		</VirtualTargets>
		<Compiler>
			<Add option="-Wno-deprecated -ffast-math -D_FILE_OFFSET_BITS=64 -D_LARGEFILE64_SOURCE" />
			<Add option="-DBYTHREAD" />
			<Add directory="include" />
			<Add directory="../common-files" />
			<Add directory="./" />
			<Add directory="api" />
			<Add directory="/usr/include/libxml2" />
		</Compiler>
		<Linker>
			<Add library="xml2" />
		</Linker>
		<Unit filename="api/ParaverMetadataManager.cpp">
			<Option target="api" />
		</Unit>
		<Unit filename="api/ParaverMetadataManager.h">
			<Option target="api" />
			<Option target="paramedir" />
		</Unit>
		<Unit filename="api/cfg.cpp">
			<Option target="api" />
			<Option target="otf2prv" />
		</Unit>
		<Unit filename="api/cfg.h">
			<Option target="paramedir" />
			<Option target="api" />
			<Option target="otf2prv" />
		</Unit>
		<Unit filename="api/cubecontainer.cpp">
			<Option compile="0" />
			<Option link="0" />
			<Option target="api" />
		</Unit>
		<Unit filename="api/cubecontainer.h">
			<Option target="api" />
		</Unit>
		<Unit filename="api/drawmode.cpp">
			<Option target="api" />
			<Option target="otf2prv" />
		</Unit>
		<Unit filename="api/drawmode.h">
			<Option target="api" />
			<Option target="otf2prv" />
		</Unit>
		<Unit filename="api/eventdrivencutter.cpp">
			<Option target="api" />
		</Unit>
		<Unit filename="api/eventdrivencutter.h">
			<Option target="api" />
		</Unit>
		<Unit filename="api/eventlabels.cpp">
			<Option target="api" />
			<Option target="otf2prv" />
		</Unit>
		<Unit filename="api/eventlabels.h">
			<Option target="api" />
			<Option target="paramedir" />
			<Option target="otf2prv" />
		</Unit>
		<Unit filename="api/eventtranslator.cpp">
			<Option target="api" />
		</Unit>
		<Unit filename="api/eventtranslator.h">
			<Option target="api" />
		</Unit>
		<Unit filename="api/filter.cpp">
			<Option target="api" />
			<Option target="otf2prv" />
		</Unit>
		<Unit filename="api/filter.h">
			<Option target="Debug" />
			<Option target="Release" />
			<Option target="api" />
			<Option target="otf2prv" />
		</Unit>
		<Unit filename="api/gnuplotoutput.cpp">
			<Option target="api" />
			<Option target="otf2prv" />
		</Unit>
		<Unit filename="api/gnuplotoutput.h">
			<Option target="api" />
			<Option target="otf2prv" />
		</Unit>
		<Unit filename="api/histogram.cpp">
			<Option target="api" />
			<Option target="otf2prv" />
		</Unit>
		<Unit filename="api/histogram.h">
			<Option target="Debug" />
			<Option target="Release" />
			<Option target="Application test" />
			<Option target="api" />
			<Option target="paramedir" />
			<Option target="otf2prv" />
		</Unit>
		<Unit filename="api/histogramtotals.cpp">
			<Option target="api" />
			<Option target="otf2prv" />
		</Unit>
		<Unit filename="api/histogramtotals.h">
			<Option target="Debug" />
			<Option target="Release" />
			<Option target="Application test" />
			<Option target="api" />
			<Option target="paramedir" />
			<Option target="otf2prv" />
		</Unit>
		<Unit filename="api/kernelconnection.h">
			<Option target="Debug" />
			<Option target="Release" />
			<Option target="Application test" />
			<Option target="api" />
			<Option target="paramedir" />
			<Option target="otf2prv" />
		</Unit>
		<Unit filename="api/labelconstructor.cpp">
			<Option target="api" />
			<Option target="otf2prv" />
		</Unit>
		<Unit filename="api/labelconstructor.h">
			<Option target="api" />
			<Option target="otf2prv" />
		</Unit>
		<Unit filename="api/loadedwindows.cpp">
			<Option target="api" />
			<Option target="otf2prv" />
		</Unit>
		<Unit filename="api/loadedwindows.h">
			<Option target="api" />
			<Option target="otf2prv" />
		</Unit>
		<Unit filename="api/localkernel.cpp">
			<Option target="api" />
			<Option target="otf2prv" />
		</Unit>
		<Unit filename="api/localkernel.h">
			<Option target="api" />
			<Option target="otf2prv" />
		</Unit>
		<Unit filename="api/otf2prv.cpp">
			<Option weight="90" />
			<Option target="otf2prv" />
		</Unit>
		<Unit filename="api/otf2prv.h">
			<Option target="otf2prv" />
		</Unit>
		<Unit filename="api/output.cpp">
			<Option target="api" />
			<Option target="otf2prv" />
		</Unit>
		<Unit filename="api/output.h">
			<Option target="api" />
			<Option target="otf2prv" />
		</Unit>
		<Unit filename="api/paramedir.cpp">
			<Option weight="90" />
			<Option target="paramedir" />
		</Unit>
		<Unit filename="api/paramedir.h">
			<Option target="paramedir" />
		</Unit>
		<Unit filename="api/paraverconfig.cpp">
			<Option target="api" />
			<Option target="otf2prv" />
		</Unit>
		<Unit filename="api/paraverconfig.h">
			<Option target="api" />
			<Option target="otf2prv" />
		</Unit>
		<Unit filename="api/paraverkernelexception.h">
			<Option target="Debug" />
			<Option target="Release" />
			<Option target="Application test" />
			<Option target="api" />
			<Option target="paramedir" />
			<Option target="otf2prv" />
		</Unit>
		<Unit filename="api/paraverkerneltypes.h">
			<Option target="Debug" />
			<Option target="Release" />
			<Option target="Application test" />
			<Option target="api" />
			<Option target="paramedir" />
			<Option target="otf2prv" />
		</Unit>
		<Unit filename="api/paraverlabels.h">
			<Option target="Debug" />
			<Option target="Release" />
			<Option target="Application test" />
			<Option target="api" />
			<Option target="paramedir" />
			<Option target="otf2prv" />
		</Unit>
		<Unit filename="api/paravertypes.h">
			<Option target="api" />
			<Option target="otf2prv" />
		</Unit>
		<Unit filename="api/previousfiles.cpp">
			<Option target="api" />
			<Option target="otf2prv" />
		</Unit>
		<Unit filename="api/previousfiles.h">
			<Option target="otf2prv" />
		</Unit>
		<Unit filename="api/progresscontroller.cpp">
			<Option target="api" />
			<Option target="otf2prv" />
		</Unit>
		<Unit filename="api/progresscontroller.h">
			<Option target="Debug" />
			<Option target="Release" />
			<Option target="api" />
			<Option target="paramedir" />
			<Option target="otf2prv" />
		</Unit>
		<Unit filename="api/prvtypes.h">
			<Option target="api" />
		</Unit>
		<Unit filename="api/recordlist.cpp">
			<Option target="api" />
			<Option target="otf2prv" />
		</Unit>
		<Unit filename="api/recordlist.h">
			<Option target="Debug" />
			<Option target="Release" />
			<Option target="Application test" />
			<Option target="api" />
			<Option target="paramedir" />
			<Option target="otf2prv" />
		</Unit>
		<Unit filename="api/rowlabels.cpp">
			<Option target="api" />
			<Option target="otf2prv" />
		</Unit>
		<Unit filename="api/rowlabels.h">
			<Option target="api" />
			<Option target="otf2prv" />
		</Unit>
		<Unit filename="api/selectionmanagement.cpp">
			<Option compile="0" />
			<Option link="0" />
			<Option target="api" />
			<Option target="otf2prv" />
		</Unit>
		<Unit filename="api/selectionmanagement.h">
			<Option target="api" />
			<Option target="otf2prv" />
		</Unit>
		<Unit filename="api/selectionrowsutils.cpp">
			<Option target="api" />
			<Option target="otf2prv" />
		</Unit>
		<Unit filename="api/selectionrowsutils.h">
			<Option target="api" />
			<Option target="otf2prv" />
		</Unit>
		<Unit filename="api/semanticcolor.cpp">
			<Option target="api" />
			<Option target="otf2prv" />
		</Unit>
		<Unit filename="api/semanticcolor.h">
			<Option target="api" />
			<Option target="otf2prv" />
		</Unit>
		<Unit filename="api/statelabels.cpp">
			<Option target="api" />
			<Option target="otf2prv" />
		</Unit>
		<Unit filename="api/statelabels.h">
			<Option target="api" />
			<Option target="otf2prv" />
		</Unit>
		<Unit filename="api/syncwindows.cpp">
			<Option target="api" />
			<Option target="otf2prv" />
		</Unit>
		<Unit filename="api/syncwindows.h">
			<Option target="api" />
			<Option target="otf2prv" />
		</Unit>
		<Unit filename="api/textoutput.cpp">
			<Option target="api" />
			<Option target="otf2prv" />
		</Unit>
		<Unit filename="api/textoutput.h">
			<Option target="api" />
			<Option target="otf2prv" />
		</Unit>
		<Unit filename="api/trace.cpp">
			<Option target="api" />
			<Option target="otf2prv" />
		</Unit>
		<Unit filename="api/trace.h">
			<Option target="Debug" />
			<Option target="Release" />
			<Option target="Application test" />
			<Option target="api" />
			<Option target="paramedir" />
			<Option target="otf2prv" />
		</Unit>
		<Unit filename="api/tracecutter.cpp">
			<Option target="api" />
			<Option target="otf2prv" />
		</Unit>
		<Unit filename="api/tracecutter.h">
			<Option target="api" />
			<Option target="otf2prv" />
		</Unit>
		<Unit filename="api/traceeditactions.cpp">
			<Option target="api" />
		</Unit>
		<Unit filename="api/traceeditactions.h">
			<Option target="api" />
		</Unit>
		<Unit filename="api/traceeditsequence.cpp">
			<Option target="api" />
		</Unit>
		<Unit filename="api/traceeditsequence.h">
			<Option target="api" />
		</Unit>
		<Unit filename="api/traceeditstates.cpp">
			<Option compile="0" />
			<Option link="0" />
			<Option target="api" />
		</Unit>
		<Unit filename="api/traceeditstates.h">
			<Option target="api" />
		</Unit>
		<Unit filename="api/tracefilter.cpp">
			<Option target="api" />
			<Option target="otf2prv" />
		</Unit>
		<Unit filename="api/tracefilter.h">
			<Option target="api" />
			<Option target="otf2prv" />
		</Unit>
		<Unit filename="api/traceoptions.cpp">
			<Option target="api" />
			<Option target="otf2prv" />
		</Unit>
		<Unit filename="api/traceoptions.h">
			<Option target="api" />
			<Option target="otf2prv" />
		</Unit>
		<Unit filename="api/traceshifter.cpp">
			<Option target="api" />
			<Option target="otf2prv" />
		</Unit>
		<Unit filename="api/tracesoftwarecounters.cpp">
			<Option target="api" />
			<Option target="otf2prv" />
		</Unit>
		<Unit filename="api/tracesoftwarecounters.h">
			<Option target="api" />
			<Option target="otf2prv" />
		</Unit>
		<Unit filename="api/window.cpp">
			<Option target="api" />
			<Option target="otf2prv" />
		</Unit>
		<Unit filename="api/window.h">
			<Option target="Debug" />
			<Option target="Release" />
			<Option target="Application test" />
			<Option target="api" />
			<Option target="paramedir" />
			<Option target="otf2prv" />
		</Unit>
		<Unit filename="api/workspace.cpp">
			<Option target="api" />
		</Unit>
		<Unit filename="api/workspace.h">
			<Option target="api" />
		</Unit>
		<Unit filename="api/workspacemanager.cpp">
			<Option target="api" />
			<Option target="otf2prv" />
		</Unit>
		<Unit filename="api/workspacemanager.h">
			<Option target="api" />
			<Option target="otf2prv" />
		</Unit>
		<Unit filename="api/zoomhistory.cpp">
			<Option compile="0" />
			<Option link="0" />
			<Option target="api" />
			<Option target="otf2prv" />
		</Unit>
		<Unit filename="api/zoomhistory.h">
			<Option target="api" />
			<Option target="otf2prv" />
		</Unit>
		<Unit filename="include/bplustree.h">
			<Option target="Debug" />
			<Option target="Release" />
			<Option target="Application test" />
			<Option target="paramedir" />
			<Option target="otf2prv" />
		</Unit>
		<Unit filename="include/bplustreeblocks.h">
			<Option target="Debug" />
			<Option target="Release" />
			<Option target="Application test" />
			<Option target="paramedir" />
			<Option target="otf2prv" />
		</Unit>
		<Unit filename="include/bplustreeexception.h">
			<Option target="Debug" />
			<Option target="Release" />
			<Option target="Application test" />
			<Option target="paramedir" />
			<Option target="otf2prv" />
		</Unit>
		<Unit filename="include/bplustreerecordleaf.h">
			<Option target="Debug" />
			<Option target="Release" />
			<Option target="Application test" />
			<Option target="paramedir" />
			<Option target="otf2prv" />
		</Unit>
		<Unit filename="include/bplustreetypes.h">
			<Option target="Debug" />
			<Option target="Release" />
			<Option target="Application test" />
			<Option target="paramedir" />
			<Option target="otf2prv" />
		</Unit>
		<Unit filename="include/cell.h">
			<Option target="Debug" />
			<Option target="Release" />
			<Option target="otf2prv" />
		</Unit>
		<Unit filename="include/column.h">
			<Option target="Debug" />
			<Option target="Release" />
			<Option target="otf2prv" />
		</Unit>
		<Unit filename="include/cube.h">
			<Option target="Debug" />
			<Option target="Release" />
			<Option target="otf2prv" />
		</Unit>
		<Unit filename="include/cubebuffer.h">
			<Option target="Debug" />
			<Option target="Release" />
		</Unit>
		<Unit filename="include/filtermanagement.h">
			<Option target="Debug" />
			<Option target="Release" />
			<Option target="Application test" />
			<Option target="paramedir" />
			<Option target="otf2prv" />
		</Unit>
		<Unit filename="include/functionmanagement.h">
			<Option target="Debug" />
			<Option target="Release" />
			<Option target="Application test" />
			<Option target="paramedir" />
			<Option target="otf2prv" />
		</Unit>
		<Unit filename="include/histogramexception.h">
			<Option target="Debug" />
			<Option target="Release" />
			<Option target="Application test" />
			<Option target="paramedir" />
			<Option target="otf2prv" />
		</Unit>
		<Unit filename="include/histogramstatistic.h">
			<Option target="Debug" />
			<Option target="Release" />
			<Option target="Application test" />
			<Option target="paramedir" />
			<Option target="otf2prv" />
		</Unit>
		<Unit filename="include/index.h">
			<Option target="Debug" />
			<Option target="Release" />
			<Option target="Application test" />
			<Option target="paramedir" />
			<Option target="otf2prv" />
		</Unit>
		<Unit filename="include/interval.h">
			<Option target="Debug" />
			<Option target="Release" />
			<Option target="Application test" />
			<Option target="paramedir" />
			<Option target="otf2prv" />
		</Unit>
		<Unit filename="include/intervalcompose.h">
			<Option target="Debug" />
			<Option target="Release" />
			<Option target="Application test" />
			<Option target="paramedir" />
			<Option target="otf2prv" />
		</Unit>
		<Unit filename="include/intervalcontrolderived.h">
			<Option target="Debug" />
			<Option target="Release" />
			<Option target="Application test" />
			<Option target="paramedir" />
			<Option target="otf2prv" />
		</Unit>
		<Unit filename="include/intervalcpu.h">
			<Option target="Debug" />
			<Option target="Release" />
			<Option target="Application test" />
			<Option target="paramedir" />
			<Option target="otf2prv" />
		</Unit>
		<Unit filename="include/intervalderived.h">
			<Option target="Debug" />
			<Option target="Release" />
			<Option target="Application test" />
			<Option target="paramedir" />
			<Option target="otf2prv" />
		</Unit>
		<Unit filename="include/intervalhigh.h">
			<Option target="Debug" />
			<Option target="Release" />
			<Option target="Application test" />
			<Option target="paramedir" />
			<Option target="otf2prv" />
		</Unit>
		<Unit filename="include/intervalnotthread.h">
			<Option target="Debug" />
			<Option target="Release" />
			<Option target="Application test" />
			<Option target="paramedir" />
			<Option target="otf2prv" />
		</Unit>
		<Unit filename="include/intervalthread.h">
			<Option target="Debug" />
			<Option target="Release" />
			<Option target="Application test" />
			<Option target="paramedir" />
			<Option target="otf2prv" />
		</Unit>
		<Unit filename="include/keventdrivencutter.h">
			<Option target="Debug" />
			<Option target="Release" />
		</Unit>
		<Unit filename="include/keventtranslator.h">
			<Option target="Debug" />
			<Option target="Release" />
		</Unit>
		<Unit filename="include/kfilter.h">
			<Option target="Debug" />
			<Option target="Release" />
			<Option target="otf2prv" />
		</Unit>
		<Unit filename="include/khistogram.h">
			<Option target="Debug" />
			<Option target="Release" />
			<Option target="Application test" />
			<Option target="paramedir" />
			<Option target="otf2prv" />
		</Unit>
		<Unit filename="include/khistogramtotals.h">
			<Option target="Debug" />
			<Option target="Release" />
			<Option target="Application test" />
			<Option target="paramedir" />
			<Option target="otf2prv" />
		</Unit>
		<Unit filename="include/kprogresscontroller.h">
			<Option target="Debug" />
			<Option target="Release" />
			<Option target="otf2prv" />
		</Unit>
		<Unit filename="include/krecordlist.h">
			<Option target="Debug" />
			<Option target="Release" />
			<Option target="Application test" />
			<Option target="paramedir" />
			<Option target="otf2prv" />
		</Unit>
		<Unit filename="include/ktrace.h">
			<Option target="Debug" />
			<Option target="Release" />
			<Option target="Application test" />
			<Option target="paramedir" />
			<Option target="otf2prv" />
		</Unit>
		<Unit filename="include/ktracecutter.h">
			<Option target="Debug" />
			<Option target="Release" />
			<Option target="paramedir" />
			<Option target="otf2prv" />
		</Unit>
		<Unit filename="include/ktraceeditactions.h">
			<Option target="Debug" />
			<Option target="Release" />
			<Option target="paramedir" />
		</Unit>
		<Unit filename="include/ktraceeditsequence.h">
			<Option target="Debug" />
			<Option target="Release" />
			<Option target="paramedir" />
		</Unit>
		<Unit filename="include/ktraceeditstates.h">
			<Option target="Debug" />
			<Option target="Release" />
		</Unit>
		<Unit filename="include/ktracefilter.h">
			<Option target="Debug" />
			<Option target="Release" />
			<Option target="paramedir" />
			<Option target="otf2prv" />
		</Unit>
		<Unit filename="include/ktraceoptions.h">
			<Option target="Debug" />
			<Option target="Release" />
			<Option target="paramedir" />
			<Option target="otf2prv" />
		</Unit>
		<Unit filename="include/ktraceshifter.h">
			<Option target="Debug" />
			<Option target="Release" />
			<Option target="paramedir" />
			<Option target="otf2prv" />
		</Unit>
		<Unit filename="include/ktracesoftwarecounters.h">
			<Option target="Debug" />
			<Option target="Release" />
			<Option target="paramedir" />
			<Option target="otf2prv" />
		</Unit>
		<Unit filename="include/kwindow.h">
			<Option target="Debug" />
			<Option target="Release" />
			<Option target="Application test" />
			<Option target="paramedir" />
			<Option target="otf2prv" />
		</Unit>
		<Unit filename="include/kwindowexception.h">
			<Option target="Debug" />
			<Option target="Release" />
			<Option target="Application test" />
			<Option target="paramedir" />
			<Option target="otf2prv" />
		</Unit>
		<Unit filename="include/matrix.h">
			<Option target="Debug" />
			<Option target="Release" />
			<Option target="otf2prv" />
		</Unit>
		<Unit filename="include/memoryblocks.h">
			<Option target="Debug" />
			<Option target="Release" />
			<Option target="Application test" />
			<Option target="paramedir" />
			<Option target="otf2prv" />
		</Unit>
		<Unit filename="include/memorytrace.h">
			<Option target="Debug" />
			<Option target="Release" />
			<Option target="Application test" />
			<Option target="paramedir" />
			<Option target="otf2prv" />
		</Unit>
		<Unit filename="include/noloadblocks.h">
			<Option target="Debug" />
			<Option target="Release" />
			<Option target="otf2prv" />
		</Unit>
		<Unit filename="include/noloadexception.h">
			<Option target="Debug" />
			<Option target="Release" />
			<Option target="Application test" />
			<Option target="paramedir" />
			<Option target="otf2prv" />
		</Unit>
		<Unit filename="include/noloadtrace.h">
			<Option target="Debug" />
			<Option target="Release" />
			<Option target="otf2prv" />
		</Unit>
		<Unit filename="include/plainblocks.h">
			<Option target="Debug" />
			<Option target="Release" />
			<Option target="paramedir" />
			<Option target="otf2prv" />
		</Unit>
		<Unit filename="include/plaintrace.h">
			<Option target="Debug" />
			<Option target="Release" />
			<Option target="otf2prv" />
		</Unit>
		<Unit filename="include/plaintypes.h">
			<Option target="Debug" />
			<Option target="Release" />
			<Option target="paramedir" />
			<Option target="otf2prv" />
		</Unit>
		<Unit filename="include/processmodel.h">
			<Option target="Debug" />
			<Option target="Release" />
			<Option target="Application test" />
			<Option target="paramedir" />
			<Option target="otf2prv" />
		</Unit>
		<Unit filename="include/processmodelappl.h">
			<Option target="Debug" />
			<Option target="Release" />
			<Option target="Application test" />
			<Option target="paramedir" />
			<Option target="otf2prv" />
		</Unit>
		<Unit filename="include/processmodeltask.h">
			<Option target="Debug" />
			<Option target="Release" />
			<Option target="Application test" />
			<Option target="paramedir" />
			<Option target="otf2prv" />
		</Unit>
		<Unit filename="include/processmodelthread.h">
			<Option target="Debug" />
			<Option target="Release" />
			<Option target="Application test" />
			<Option target="paramedir" />
			<Option target="otf2prv" />
		</Unit>
		<Unit filename="include/resourcemodel.h">
			<Option target="Debug" />
			<Option target="Release" />
			<Option target="Application test" />
			<Option target="paramedir" />
			<Option target="otf2prv" />
		</Unit>
		<Unit filename="include/resourcemodelcpu.h">
			<Option target="Debug" />
			<Option target="Release" />
			<Option target="Application test" />
			<Option target="paramedir" />
			<Option target="otf2prv" />
		</Unit>
		<Unit filename="include/resourcemodelnode.h">
			<Option target="Debug" />
			<Option target="Release" />
			<Option target="Application test" />
			<Option target="paramedir" />
			<Option target="otf2prv" />
		</Unit>
		<Unit filename="include/semanticcompose.h">
			<Option target="Debug" />
			<Option target="Release" />
			<Option target="Application test" />
			<Option target="paramedir" />
			<Option target="otf2prv" />
		</Unit>
		<Unit filename="include/semanticcomposefunctions.h">
			<Option target="Debug" />
			<Option target="Release" />
			<Option target="Application test" />
			<Option target="paramedir" />
			<Option target="otf2prv" />
		</Unit>
		<Unit filename="include/semanticcpu.h">
			<Option target="Debug" />
			<Option target="Release" />
			<Option target="Application test" />
			<Option target="paramedir" />
			<Option target="otf2prv" />
		</Unit>
		<Unit filename="include/semanticcpufunctions.h">
			<Option target="Debug" />
			<Option target="Release" />
			<Option target="Application test" />
			<Option target="paramedir" />
			<Option target="otf2prv" />
		</Unit>
		<Unit filename="include/semanticderived.h">
			<Option target="Debug" />
			<Option target="Release" />
			<Option target="Application test" />
			<Option target="paramedir" />
			<Option target="otf2prv" />
		</Unit>
		<Unit filename="include/semanticderivedfunctions.h">
			<Option target="Debug" />
			<Option target="Release" />
			<Option target="Application test" />
			<Option target="paramedir" />
			<Option target="otf2prv" />
		</Unit>
		<Unit filename="include/semanticexception.h">
			<Option target="Debug" />
			<Option target="Release" />
			<Option target="Application test" />
			<Option target="paramedir" />
			<Option target="otf2prv" />
		</Unit>
		<Unit filename="include/semanticfunction.h">
			<Option target="Debug" />
			<Option target="Release" />
			<Option target="Application test" />
			<Option target="paramedir" />
			<Option target="otf2prv" />
		</Unit>
		<Unit filename="include/semantichigh.h">
			<Option target="Debug" />
			<Option target="Release" />
			<Option target="Application test" />
			<Option target="paramedir" />
			<Option target="otf2prv" />
		</Unit>
		<Unit filename="include/semanticinfo.h">
			<Option target="Debug" />
			<Option target="Release" />
			<Option target="Application test" />
			<Option target="paramedir" />
			<Option target="otf2prv" />
		</Unit>
		<Unit filename="include/semanticmanagement.h">
			<Option target="Debug" />
			<Option target="Release" />
			<Option target="Application test" />
			<Option target="paramedir" />
			<Option target="otf2prv" />
		</Unit>
		<Unit filename="include/semanticnotthread.h">
			<Option target="Debug" />
			<Option target="Release" />
			<Option target="Application test" />
			<Option target="paramedir" />
			<Option target="otf2prv" />
		</Unit>
		<Unit filename="include/semanticnotthreadfunctions.h">
			<Option target="Debug" />
			<Option target="Release" />
			<Option target="Application test" />
			<Option target="paramedir" />
			<Option target="otf2prv" />
		</Unit>
		<Unit filename="include/semanticthread.h">
			<Option target="Debug" />
			<Option target="Release" />
			<Option target="Application test" />
			<Option target="paramedir" />
			<Option target="otf2prv" />
		</Unit>
		<Unit filename="include/semanticthreadfunctions.h">
			<Option target="Debug" />
			<Option target="Release" />
			<Option target="Application test" />
			<Option target="paramedir" />
			<Option target="otf2prv" />
		</Unit>
		<Unit filename="include/statistic_2d.h">
			<Option target="Debug" />
			<Option target="Release" />
			<Option target="otf2prv" />
		</Unit>
		<Unit filename="include/statisticmanagement.h">
			<Option target="Debug" />
			<Option target="Release" />
			<Option target="Application test" />
			<Option target="paramedir" />
			<Option target="otf2prv" />
		</Unit>
		<Unit filename="include/tracebodyio.h">
			<Option target="Debug" />
			<Option target="Release" />
			<Option target="Application test" />
			<Option target="paramedir" />
			<Option target="otf2prv" />
		</Unit>
		<Unit filename="include/tracebodyio_v1.h">
			<Option target="Debug" />
			<Option target="Release" />
			<Option target="Application test" />
			<Option target="paramedir" />
			<Option target="otf2prv" />
		</Unit>
		<Unit filename="include/tracebodyio_v2.h">
			<Option target="Debug" />
			<Option target="Release" />
			<Option target="otf2prv" />
		</Unit>
		<Unit filename="include/traceeditblocks.h">
			<Option target="Debug" />
			<Option target="Release" />
			<Option target="testspeed" />
			<Option target="otf2prv" />
			<Option target="ptools_common_files" />
		</Unit>
		<Unit filename="include/traceheaderexception.h">
			<Option target="Debug" />
			<Option target="Release" />
			<Option target="Application test" />
			<Option target="paramedir" />
			<Option target="otf2prv" />
		</Unit>
		<Unit filename="include/traceshifter.h">
			<Option target="api" />
		</Unit>
		<Unit filename="include/tracestream.h">
			<Option target="Debug" />
			<Option target="Release" />
			<Option target="Application test" />
			<Option target="paramedir" />
			<Option target="otf2prv" />
		</Unit>
		<Unit filename="src/bplustree.cpp">
			<Option target="Debug" />
			<Option target="Release" />
			<Option target="otf2prv" />
		</Unit>
		<Unit filename="src/bplustreeblocks.cpp">
			<Option target="Debug" />
			<Option target="Release" />
			<Option target="otf2prv" />
		</Unit>
		<Unit filename="src/bplustreeexception.cpp">
			<Option target="Debug" />
			<Option target="Release" />
			<Option target="otf2prv" />
		</Unit>
		<Unit filename="src/bplustreerecordleaf.cpp">
			<Option target="Debug" />
			<Option target="Release" />
			<Option target="otf2prv" />
		</Unit>
		<Unit filename="src/cell.cpp">
			<Option compile="0" />
			<Option link="0" />
			<Option target="Debug" />
			<Option target="Release" />
			<Option target="Application test" />
			<Option target="otf2prv" />
		</Unit>
		<Unit filename="src/column.cpp">
			<Option compile="0" />
			<Option link="0" />
			<Option target="Debug" />
			<Option target="Release" />
			<Option target="Application test" />
			<Option target="otf2prv" />
		</Unit>
		<Unit filename="src/cube.cpp">
			<Option compile="0" />
			<Option link="0" />
			<Option target="Debug" />
			<Option target="Release" />
			<Option target="Application test" />
			<Option target="otf2prv" />
		</Unit>
		<Unit filename="src/cubebuffer.cpp">
			<Option target="Debug" />
			<Option target="Release" />
		</Unit>
		<Unit filename="src/filtermanagement.cpp">
			<Option target="Debug" />
			<Option target="Release" />
			<Option target="otf2prv" />
		</Unit>
		<Unit filename="src/functionmanagement.cpp">
			<Option compile="0" />
			<Option link="0" />
			<Option target="Debug" />
			<Option target="Release" />
			<Option target="Application test" />
			<Option target="otf2prv" />
		</Unit>
		<Unit filename="src/histogramexception.cpp">
			<Option target="Debug" />
			<Option target="Release" />
			<Option target="otf2prv" />
		</Unit>
		<Unit filename="src/histogramstatistic.cpp">
			<Option target="Debug" />
			<Option target="Release" />
			<Option target="otf2prv" />
		</Unit>
		<Unit filename="src/index.cpp">
			<Option compile="0" />
			<Option link="0" />
			<Option target="Debug" />
			<Option target="Release" />
			<Option target="otf2prv" />
		</Unit>
		<Unit filename="src/intervalcompose.cpp">
			<Option target="Debug" />
			<Option target="Release" />
			<Option target="otf2prv" />
		</Unit>
		<Unit filename="src/intervalcontrolderived.cpp">
			<Option target="Debug" />
			<Option target="Release" />
			<Option target="otf2prv" />
		</Unit>
		<Unit filename="src/intervalcpu.cpp">
			<Option target="Debug" />
			<Option target="Release" />
			<Option target="otf2prv" />
		</Unit>
		<Unit filename="src/intervalderived.cpp">
			<Option target="Debug" />
			<Option target="Release" />
			<Option target="otf2prv" />
		</Unit>
		<Unit filename="src/intervalnotthread.cpp">
			<Option target="Debug" />
			<Option target="Release" />
			<Option target="otf2prv" />
		</Unit>
		<Unit filename="src/intervalthread.cpp">
			<Option target="Debug" />
			<Option target="Release" />
			<Option target="otf2prv" />
		</Unit>
		<Unit filename="src/keventdrivencutter.cpp">
			<Option target="Debug" />
			<Option target="Release" />
		</Unit>
		<Unit filename="src/keventtranslator.cpp">
			<Option target="Debug" />
			<Option target="Release" />
		</Unit>
		<Unit filename="src/kfilter.cpp">
			<Option target="Debug" />
			<Option target="Release" />
			<Option target="otf2prv" />
		</Unit>
		<Unit filename="src/khistogram.cpp">
			<Option target="Debug" />
			<Option target="Release" />
			<Option target="otf2prv" />
		</Unit>
		<Unit filename="src/khistogramtotals.cpp">
			<Option target="Debug" />
			<Option target="Release" />
			<Option target="otf2prv" />
		</Unit>
		<Unit filename="src/kprogresscontroller.cpp">
			<Option target="Debug" />
			<Option target="Release" />
			<Option target="otf2prv" />
		</Unit>
		<Unit filename="src/krecordlist.cpp">
			<Option target="Debug" />
			<Option target="Release" />
			<Option target="otf2prv" />
		</Unit>
		<Unit filename="src/ktrace.cpp">
			<Option target="Debug" />
			<Option target="Release" />
			<Option target="otf2prv" />
		</Unit>
		<Unit filename="src/ktracecutter.cpp">
			<Option target="Debug" />
			<Option target="Release" />
			<Option target="otf2prv" />
		</Unit>
		<Unit filename="src/ktraceeditactions.cpp">
			<Option target="Debug" />
			<Option target="Release" />
		</Unit>
		<Unit filename="src/ktraceeditsequence.cpp">
			<Option target="Debug" />
			<Option target="Release" />
		</Unit>
		<Unit filename="src/ktraceeditstates.cpp">
			<Option target="Debug" />
			<Option target="Release" />
		</Unit>
		<Unit filename="src/ktracefilter.cpp">
			<Option target="Debug" />
			<Option target="Release" />
			<Option target="otf2prv" />
		</Unit>
		<Unit filename="src/ktraceoptions.cpp">
			<Option target="Debug" />
			<Option target="Release" />
			<Option target="otf2prv" />
		</Unit>
		<Unit filename="src/ktraceshifter.cpp">
			<Option target="Debug" />
			<Option target="Release" />
			<Option target="otf2prv" />
		</Unit>
		<Unit filename="src/ktracesoftwarecounters.cpp">
			<Option target="Debug" />
			<Option target="Release" />
			<Option target="otf2prv" />
		</Unit>
		<Unit filename="src/kwindow.cpp">
			<Option target="Debug" />
			<Option target="Release" />
			<Option target="otf2prv" />
		</Unit>
		<Unit filename="src/kwindowexception.cpp">
			<Option target="Debug" />
			<Option target="Release" />
			<Option target="otf2prv" />
		</Unit>
		<Unit filename="src/matrix.cpp">
			<Option compile="0" />
			<Option link="0" />
			<Option target="Debug" />
			<Option target="Release" />
			<Option target="Application test" />
			<Option target="otf2prv" />
		</Unit>
		<Unit filename="src/memorytrace.cpp">
			<Option target="Debug" />
			<Option target="Release" />
			<Option target="otf2prv" />
		</Unit>
		<Unit filename="src/noloadblocks.cpp">
			<Option target="Debug" />
			<Option target="Release" />
			<Option target="otf2prv" />
		</Unit>
		<Unit filename="src/noloadexception.cpp">
			<Option target="Debug" />
			<Option target="Release" />
		</Unit>
		<Unit filename="src/noloadtrace.cpp">
			<Option target="Debug" />
			<Option target="Release" />
			<Option target="otf2prv" />
		</Unit>
		<Unit filename="src/paraverkernelexception.cpp">
			<Option target="Debug" />
			<Option target="Release" />
			<Option target="otf2prv" />
		</Unit>
		<Unit filename="src/plainblocks.cpp">
			<Option target="Debug" />
			<Option target="Release" />
			<Option target="otf2prv" />
		</Unit>
		<Unit filename="src/plaintrace.cpp">
			<Option target="Debug" />
			<Option target="Release" />
			<Option target="otf2prv" />
		</Unit>
		<Unit filename="src/processmodel.cpp">
			<Option target="Debug" />
			<Option target="Release" />
			<Option target="otf2prv" />
		</Unit>
		<Unit filename="src/resourcemodel.cpp">
			<Option target="Debug" />
			<Option target="Release" />
			<Option target="otf2prv" />
		</Unit>
		<Unit filename="src/semanticcomposefunctions.cpp">
			<Option target="Debug" />
			<Option target="Release" />
			<Option target="otf2prv" />
		</Unit>
		<Unit filename="src/semanticcpufunctions.cpp">
			<Option target="Debug" />
			<Option target="Release" />
			<Option target="otf2prv" />
		</Unit>
		<Unit filename="src/semanticderivedfunctions.cpp">
			<Option target="Debug" />
			<Option target="Release" />
			<Option target="otf2prv" />
		</Unit>
		<Unit filename="src/semanticexception.cpp">
			<Option target="Debug" />
			<Option target="Release" />
			<Option target="otf2prv" />
		</Unit>
		<Unit filename="src/semanticmanagement.cpp">
			<Option target="Debug" />
			<Option target="Release" />
			<Option target="otf2prv" />
		</Unit>
		<Unit filename="src/semanticnotthreadfunctions.cpp">
			<Option target="Debug" />
			<Option target="Release" />
			<Option target="otf2prv" />
		</Unit>
		<Unit filename="src/semanticthreadfunctions.cpp">
			<Option target="Debug" />
			<Option target="Release" />
			<Option target="otf2prv" />
		</Unit>
		<Unit filename="src/statistic_2d.cpp">
			<Option compile="0" />
			<Option link="0" />
			<Option target="Debug" />
			<Option target="Release" />
			<Option target="Application test" />
			<Option target="otf2prv" />
		</Unit>
		<Unit filename="src/statisticmanagement.cpp">
			<Option target="Debug" />
			<Option target="Release" />
			<Option target="otf2prv" />
		</Unit>
		<Unit filename="src/tracebodyio.cpp">
			<Option target="Debug" />
			<Option target="Release" />
			<Option target="otf2prv" />
		</Unit>
		<Unit filename="src/tracebodyio_v1.cpp">
			<Option target="Debug" />
			<Option target="Release" />
			<Option target="otf2prv" />
		</Unit>
		<Unit filename="src/tracebodyio_v2.cpp">
			<Option target="Debug" />
			<Option target="Release" />
			<Option target="otf2prv" />
		</Unit>
		<Unit filename="src/traceeditblocks.cpp">
			<Option target="Debug" />
			<Option target="Release" />
			<Option target="testspeed" />
			<Option target="otf2prv" />
			<Option target="ptools_common_files" />
		</Unit>
		<Unit filename="src/traceheaderexception.cpp">
			<Option target="Debug" />
			<Option target="Release" />
			<Option target="otf2prv" />
		</Unit>
		<Unit filename="src/tracestream.cpp">
			<Option target="Debug" />
			<Option target="Release" />
			<Option target="otf2prv" />
		</Unit>
		<Unit filename="test/testmain.cpp">
			<Option target="Application test" />
			<Option target="otf2prv" />
		</Unit>
		<Unit filename="testspeed/testspeed.cpp">
			<Option target="testspeed" />
			<Option target="otf2prv" />
		</Unit>
		<Unit filename="testspeed/testspeed.h">
			<Option target="testspeed" />
			<Option target="otf2prv" />
		</Unit>
		<Unit filename="utils/include/MPI_EventEncoding.h">
			<Option target="api" />
		</Unit>
		<Unit filename="utils/include/event_description.h">
			<Option target="api" />
		</Unit>
		<Unit filename="utils/include/event_encoding.h">
			<Option target="api" />
		</Unit>
		<Unit filename="utils/include/events.h">
			<Option target="api" />
		</Unit>
		<Unit filename="utils/include/papi_events.h">
			<Option target="api" />
		</Unit>
		<Unit filename="utils/include/paraverstatisticfunctions.h">
			<Option target="api" />
		</Unit>
		<Unit filename="utils/include/ptools_prv_types.h">
			<Option target="api" />
		</Unit>
		<Unit filename="utils/include/vectorutils.h">
			<Option target="api" />
		</Unit>
		<Unit filename="utils/pcfparser/ParaverTraceConfig.cpp">
			<Option target="api" />
		</Unit>
		<Unit filename="utils/pcfparser/ParaverTraceConfig.h">
			<Option target="api" />
		</Unit>
		<Unit filename="utils/pcfparser/ParaverTraceConfigGrammar.h">
			<Option target="api" />
		</Unit>
		<Unit filename="utils/pcfparser/UIParaverTraceConfig.cpp">
			<Option target="api" />
		</Unit>
		<Unit filename="utils/pcfparser/UIParaverTraceConfig.h">
			<Option target="api" />
		</Unit>
		<Unit filename="utils/pcfparser/UIParaverTraceConfig_python.cpp">
			<Option compile="0" />
			<Option link="0" />
			<Option target="api" />
		</Unit>
		<Unit filename="utils/pcfparser/UIParaverTraceConfig_python.h">
			<Option target="api" />
		</Unit>
		<Unit filename="utils/pcfparser/debug.h">
			<Option target="api" />
		</Unit>
		<Unit filename="utils/pcfparser/old/LibException.cpp">
			<Option compile="0" />
			<Option link="0" />
			<Option target="api" />
		</Unit>
		<Unit filename="utils/pcfparser/old/LibException.h">
			<Option target="api" />
		</Unit>
		<Unit filename="utils/pcfparser/old/ParaverEventType.cpp">
			<Option compile="0" />
			<Option link="0" />
			<Option target="api" />
		</Unit>
		<Unit filename="utils/pcfparser/old/ParaverEventType.h">
			<Option target="api" />
		</Unit>
		<Unit filename="utils/pcfparser/old/ParaverEventValue.cpp">
			<Option compile="0" />
			<Option link="0" />
			<Option target="api" />
		</Unit>
		<Unit filename="utils/pcfparser/old/ParaverEventValue.h">
			<Option target="api" />
		</Unit>
		<Unit filename="utils/pcfparser/old/ParaverGradientColor.cpp">
			<Option compile="0" />
			<Option link="0" />
			<Option target="api" />
		</Unit>
		<Unit filename="utils/pcfparser/old/ParaverGradientColor.h">
			<Option target="api" />
		</Unit>
		<Unit filename="utils/pcfparser/old/ParaverGradientNames.cpp">
			<Option compile="0" />
			<Option link="0" />
			<Option target="api" />
		</Unit>
		<Unit filename="utils/pcfparser/old/ParaverGradientNames.h">
			<Option target="api" />
		</Unit>
		<Unit filename="utils/pcfparser/old/ParaverState.cpp">
			<Option compile="0" />
			<Option link="0" />
			<Option target="api" />
		</Unit>
		<Unit filename="utils/pcfparser/old/ParaverState.h">
			<Option target="api" />
		</Unit>
		<Unit filename="utils/pcfparser/old/ParaverStatesColor.cpp">
			<Option compile="0" />
			<Option link="0" />
			<Option target="api" />
		</Unit>
		<Unit filename="utils/pcfparser/old/ParaverStatesColor.h">
			<Option target="api" />
		</Unit>
		<Unit filename="utils/pcfparser/old/ParaverTraceConfig.cpp">
			<Option compile="0" />
			<Option link="0" />
			<Option target="api" />
		</Unit>
		<Unit filename="utils/pcfparser/old/ParaverTraceConfig.h">
			<Option target="api" />
		</Unit>
		<Unit filename="utils/pcfparser/old/ParaverTraceConfigGrammar.cpp">
			<Option compile="0" />
			<Option link="0" />
			<Option target="api" />
		</Unit>
		<Unit filename="utils/pcfparser/old/ParaverTraceConfigGrammar.h">
			<Option target="api" />
		</Unit>
		<Unit filename="utils/pcfparser/old/UIParaverTraceConfig.cpp">
			<Option compile="0" />
			<Option link="0" />
			<Option target="api" />
		</Unit>
		<Unit filename="utils/pcfparser/old/UIParaverTraceConfig.h">
			<Option target="api" />
		</Unit>
		<Unit filename="utils/src/event_description.cpp">
			<Option compile="0" />
			<Option link="0" />
			<Option target="api" />
		</Unit>
		<Unit filename="utils/src/event_list.cpp">
			<Option compile="0" />
			<Option link="0" />
			<Option target="api" />
		</Unit>
		<Extensions>
			<code_completion>
				<search_path add="/usr/include/c++/4.1.1" />
				<search_path add="/usr/include" />
			</code_completion>
			<envvars />
			<debugger />
			<DoxyBlocks>
				<comment_style block="0" line="0" />
				<doxyfile_project />
				<doxyfile_build />
				<doxyfile_warnings />
				<doxyfile_output />
				<doxyfile_dot />
				<general />
			</DoxyBlocks>
		</Extensions>
	</Project>
</CodeBlocks_project_file>
