<?xml version="1.0" encoding="UTF-8" standalone="yes" ?>
<CodeBlocks_project_file>
	<FileVersion major="1" minor="6" />
	<Project>
		<Option title="paraver-kernel" />
		<Option pch_mode="2" />
		<Option default_target="Application test" />
		<Option compiler="gcc" />
		<Option virtualFolders="paraver-kernel/src/;" />
		<Build>
			<Target title="Debug">
				<Option output="libparaver-kernel.a" prefix_auto="1" extension_auto="1" />
				<Option working_dir="" />
				<Option object_output="obj/Debug/" />
				<Option type="2" />
				<Option compiler="gcc" />
				<Option createDefFile="1" />
				<Compiler>
					<Add option="-Wall" />
					<Add option="-g" />
				</Compiler>
			</Target>
			<Target title="Release">
				<Option output="libparaver-kernel.a" prefix_auto="1" extension_auto="1" />
				<Option working_dir="" />
				<Option object_output="obj/Release/" />
				<Option type="2" />
				<Option compiler="gcc" />
				<Option createDefFile="1" />
				<Compiler>
					<Add option="-O2" />
				</Compiler>
				<Linker>
					<Add option="-s" />
				</Linker>
			</Target>
			<Target title="Application test">
				<Option output="paraver-kernel" prefix_auto="1" extension_auto="1" />
				<Option working_dir="../paraver-kernel" />
				<Option object_output="obj/test/" />
				<Option external_deps="libparaver-kernel.a;" />
				<Option type="1" />
				<Option compiler="gcc" />
				<Option host_application="paraver-kernel" />
				<Compiler>
					<Add option="-Wall" />
					<Add option="-g" />
					<Add directory="../include" />
					<Add directory="../common-files" />
				</Compiler>
				<Linker>
					<Add library="libparaver-kernel.a" />
					<Add directory="./" />
				</Linker>
			</Target>
			<Target title="cfg">
				<Option output="libcfg.a" prefix_auto="1" extension_auto="1" />
				<Option working_dir="" />
				<Option external_deps="libparaver-kernel.a;" />
				<Option type="2" />
				<Option compiler="gcc" />
				<Option createDefFile="1" />
				<Compiler>
					<Add option="-Wall" />
					<Add option="-g" />
					<Add directory="include" />
					<Add directory="../common-files" />
				</Compiler>
				<Linker>
					<Add directory="./" />
				</Linker>
			</Target>
			<Target title="paramedir">
				<Option output="paramedir" prefix_auto="1" extension_auto="1" />
				<Option external_deps="libparaver-kernel.a;libcfg.a;" />
				<Option type="1" />
				<Option compiler="gcc" />
				<Compiler>
					<Add option="-Wall" />
					<Add option="-g" />
					<Add directory="include" />
					<Add directory="../common-files" />
				</Compiler>
				<Linker>
					<Add library="libz.a" />
					<Add library="libcfg.a" />
					<Add library="libparaver-kernel.a" />
					<Add directory="./" />
				</Linker>
			</Target>
		</Build>
		<VirtualTargets>
			<Add alias="paramedir_all_build" targets="Debug;cfg;paramedir;" />
			<Add alias="test" targets="Debug;Application test;" />
		</VirtualTargets>
		<Compiler>
			<Add option="-march=pentium-m" />
			<Add option="-Wall" />
			<Add directory="include" />
			<Add directory="../common-files" />
			<Add directory="./" />
			<Add directory="api" />
		</Compiler>
		<Unit filename="../common-files/paraverstatisticfuncions.h" />
		<Unit filename="../common-files/types.h" />
		<Unit filename="../common-files/vectorutils.h">
			<Option target="Debug" />
			<Option target="Release" />
		</Unit>
		<Unit filename="api/cfg.cpp">
			<Option target="cfg" />
		</Unit>
		<Unit filename="api/cfg.h">
			<Option target="cfg" />
			<Option target="paramedir" />
		</Unit>
		<Unit filename="api/histogram.cpp">
			<Option target="paramedir" />
		</Unit>
		<Unit filename="api/histogram.h" />
		<Unit filename="api/paramedir.cpp">
			<Option target="paramedir" />
		</Unit>
		<Unit filename="api/paramedir.h">
			<Option target="paramedir" />
		</Unit>
		<Unit filename="include/bplustree.h" />
		<Unit filename="include/bplustreeblocks.h" />
		<Unit filename="include/bplustreeexception.h" />
		<Unit filename="include/bplustreerecordleaf.h" />
		<Unit filename="include/bplustreetypes.h" />
		<Unit filename="include/cell.h">
			<Option target="Debug" />
			<Option target="Release" />
		</Unit>
		<Unit filename="include/column.h">
			<Option target="Debug" />
			<Option target="Release" />
		</Unit>
		<Unit filename="include/cube.h">
			<Option target="Debug" />
			<Option target="Release" />
		</Unit>
		<Unit filename="include/filter.h" />
		<Unit filename="include/filtermanagement.h" />
		<Unit filename="include/functionmanagement.h" />
		<Unit filename="include/histogramexception.h" />
		<Unit filename="include/histogramstatistic.h" />
		<Unit filename="include/index.h" />
		<Unit filename="include/interval.h" />
		<Unit filename="include/intervalcompose.h" />
		<Unit filename="include/intervalcontrolderived.h" />
		<Unit filename="include/intervalcpu.h" />
		<Unit filename="include/intervalderived.h" />
		<Unit filename="include/intervalhigh.h" />
		<Unit filename="include/intervalnotthread.h" />
		<Unit filename="include/intervalthread.h" />
		<Unit filename="include/intervaltypes.h" />
		<Unit filename="include/khistogram.h" />
		<Unit filename="include/khistogramtotals.h" />
		<Unit filename="include/kwindow.h" />
		<Unit filename="include/kwindowexception.h" />
		<Unit filename="include/matrix.h">
			<Option target="Debug" />
			<Option target="Release" />
		</Unit>
		<Unit filename="include/memoryblocks.h" />
		<Unit filename="include/memorytrace.h" />
		<Unit filename="include/paraverkernelexception.h">
			<Option virtualFolder="paraver-kernel/src/" />
		</Unit>
		<Unit filename="include/paraverkernelinit.h" />
		<Unit filename="include/paraverkerneltypes.h" />
		<Unit filename="include/processmodel.h" />
		<Unit filename="include/processmodelappl.h" />
		<Unit filename="include/processmodeltask.h" />
		<Unit filename="include/processmodelthread.h" />
		<Unit filename="include/resourcemodel.h" />
		<Unit filename="include/resourcemodelcpu.h" />
		<Unit filename="include/resourcemodelnode.h" />
		<Unit filename="include/semanticcompose.h" />
		<Unit filename="include/semanticcomposefunctions.h" />
		<Unit filename="include/semanticcpu.h" />
		<Unit filename="include/semanticcpufunctions.h" />
		<Unit filename="include/semanticderived.h" />
		<Unit filename="include/semanticderivedfunctions.h" />
		<Unit filename="include/semanticexception.h" />
		<Unit filename="include/semanticfunction.h" />
		<Unit filename="include/semantichigh.h" />
		<Unit filename="include/semanticinfo.h" />
		<Unit filename="include/semanticmanagement.h" />
		<Unit filename="include/semanticnotthread.h" />
		<Unit filename="include/semanticnotthreadfunctions.h" />
		<Unit filename="include/semanticthread.h" />
		<Unit filename="include/semanticthreadfunctions.h" />
		<Unit filename="include/statistic_2d.h">
			<Option target="Debug" />
			<Option target="Release" />
		</Unit>
		<Unit filename="include/statisticmanagement.h" />
		<Unit filename="include/trace.h" />
		<Unit filename="include/tracebodyio.h" />
		<Unit filename="include/tracebodyio_v1.h" />
		<Unit filename="include/traceheaderexception.h" />
		<Unit filename="include/tracestream.h" />
		<Unit filename="src/bplustree.cpp">
			<Option target="Debug" />
			<Option target="Release" />
		</Unit>
		<Unit filename="src/bplustreeblocks.cpp">
			<Option target="Debug" />
			<Option target="Release" />
		</Unit>
		<Unit filename="src/bplustreeexception.cpp">
			<Option target="Debug" />
			<Option target="Release" />
		</Unit>
		<Unit filename="src/bplustreerecordleaf.cpp">
			<Option target="Debug" />
			<Option target="Release" />
		</Unit>
		<Unit filename="src/cell.cpp">
			<Option compile="0" />
			<Option link="0" />
			<Option target="Debug" />
			<Option target="Release" />
			<Option target="Application test" />
		</Unit>
		<Unit filename="src/column.cpp">
			<Option compile="0" />
			<Option link="0" />
			<Option target="Debug" />
			<Option target="Release" />
			<Option target="Application test" />
		</Unit>
		<Unit filename="src/cube.cpp">
			<Option compile="0" />
			<Option link="0" />
			<Option target="Debug" />
			<Option target="Release" />
			<Option target="Application test" />
		</Unit>
		<Unit filename="src/filter.cpp">
			<Option target="Debug" />
			<Option target="Release" />
		</Unit>
		<Unit filename="src/filtermanagement.cpp">
			<Option target="Debug" />
			<Option target="Release" />
		</Unit>
		<Unit filename="src/functionmanagement.cpp">
			<Option compile="0" />
			<Option link="0" />
			<Option target="Debug" />
			<Option target="Release" />
			<Option target="Application test" />
		</Unit>
		<Unit filename="src/histogramexception.cpp">
			<Option target="Debug" />
			<Option target="Release" />
		</Unit>
		<Unit filename="src/histogramstatistic.cpp">
			<Option target="Debug" />
			<Option target="Release" />
		</Unit>
		<Unit filename="src/index.cpp">
			<Option target="Debug" />
			<Option target="Release" />
		</Unit>
		<Unit filename="src/intervalcompose.cpp">
			<Option target="Debug" />
			<Option target="Release" />
		</Unit>
		<Unit filename="src/intervalcontrolderived.cpp">
			<Option target="Debug" />
			<Option target="Release" />
		</Unit>
		<Unit filename="src/intervalcpu.cpp">
			<Option target="Debug" />
			<Option target="Release" />
		</Unit>
		<Unit filename="src/intervalderived.cpp">
			<Option target="Debug" />
			<Option target="Release" />
		</Unit>
		<Unit filename="src/intervalnotthread.cpp">
			<Option target="Debug" />
			<Option target="Release" />
		</Unit>
		<Unit filename="src/intervalthread.cpp">
			<Option target="Debug" />
			<Option target="Release" />
		</Unit>
		<Unit filename="src/khistogram.cpp">
			<Option target="Debug" />
			<Option target="Release" />
		</Unit>
		<Unit filename="src/khistogramtotals.cpp">
			<Option target="Debug" />
			<Option target="Release" />
		</Unit>
		<Unit filename="src/kwindow.cpp">
			<Option target="Debug" />
			<Option target="Release" />
		</Unit>
		<Unit filename="src/kwindowexception.cpp">
			<Option target="Debug" />
			<Option target="Release" />
		</Unit>
		<Unit filename="src/matrix.cpp">
			<Option compile="0" />
			<Option link="0" />
			<Option target="Debug" />
			<Option target="Release" />
			<Option target="Application test" />
		</Unit>
		<Unit filename="src/memorytrace.cpp">
			<Option target="Debug" />
			<Option target="Release" />
		</Unit>
		<Unit filename="src/paraverkernelexception.cpp">
			<Option target="Debug" />
			<Option target="Release" />
		</Unit>
		<Unit filename="src/paraverkernelinit.cpp">
			<Option target="Debug" />
			<Option target="Release" />
		</Unit>
		<Unit filename="src/processmodel.cpp">
			<Option target="Debug" />
			<Option target="Release" />
		</Unit>
		<Unit filename="src/resourcemodel.cpp">
			<Option target="Debug" />
			<Option target="Release" />
		</Unit>
		<Unit filename="src/semanticcomposefunctions.cpp">
			<Option target="Debug" />
			<Option target="Release" />
		</Unit>
		<Unit filename="src/semanticcpufunctions.cpp">
			<Option target="Debug" />
			<Option target="Release" />
		</Unit>
		<Unit filename="src/semanticderivedfunctions.cpp">
			<Option target="Debug" />
			<Option target="Release" />
		</Unit>
		<Unit filename="src/semanticexception.cpp">
			<Option target="Debug" />
			<Option target="Release" />
		</Unit>
		<Unit filename="src/semanticmanagement.cpp">
			<Option target="Debug" />
			<Option target="Release" />
		</Unit>
		<Unit filename="src/semanticnotthreadfunctions.cpp">
			<Option target="Debug" />
			<Option target="Release" />
		</Unit>
		<Unit filename="src/semanticthreadfunctions.cpp">
			<Option target="Debug" />
			<Option target="Release" />
		</Unit>
		<Unit filename="src/statistic_2d.cpp">
			<Option compile="0" />
			<Option link="0" />
			<Option target="Debug" />
			<Option target="Release" />
			<Option target="Application test" />
		</Unit>
		<Unit filename="src/statisticmanagement.cpp">
			<Option target="Debug" />
			<Option target="Release" />
		</Unit>
		<Unit filename="src/trace.cpp">
			<Option target="Debug" />
			<Option target="Release" />
		</Unit>
		<Unit filename="src/tracebodyio_v1.cpp">
			<Option target="Debug" />
			<Option target="Release" />
		</Unit>
		<Unit filename="src/traceheaderexception.cpp">
			<Option target="Debug" />
			<Option target="Release" />
		</Unit>
		<Unit filename="src/tracestream.cpp">
			<Option target="Debug" />
			<Option target="Release" />
		</Unit>
		<Unit filename="test/testmain.cpp">
			<Option target="Application test" />
		</Unit>
		<Extensions>
			<code_completion>
				<search_path add="/usr/include/c++/4.1.1" />
				<search_path add="/usr/include" />
			</code_completion>
		</Extensions>
	</Project>
</CodeBlocks_project_file>
